
Microsoft Visual Studio Solution File, Format Version 12.00
# Visual Studio Version 16
VisualStudioVersion = 16.0.30907.101
MinimumVisualStudioVersion = 10.0.40219.1
Project("{9A19103F-16F7-4668-BE54-9A1E7A4F7556}") = "WinFormsSample", "WinFormsSample\WinFormsSample.csproj", "{12F10D76-5A76-4516-BBD5-DF5AF176B57D}"
EndProject
Global
	GlobalSection(SolutionConfigurationPlatforms) = preSolution
		Debug|Any CPU = Debug|Any CPU
		Release|Any CPU = Release|Any CPU
	EndGlobalSection
	GlobalSection(ProjectConfigurationPlatforms) = postSolution
		{12F10D76-5A76-4516-BBD5-DF5AF176B57D}.Debug|Any CPU.ActiveCfg = Debug|Any CPU
		{12F10D76-5A76-4516-BBD5-DF5AF176B57D}.Debug|Any CPU.Build.0 = Debug|Any CPU
		{12F10D76-5A76-4516-BBD5-DF5AF176B57D}.Release|Any CPU.ActiveCfg = Release|Any CPU
		{12F10D76-5A76-4516-BBD5-DF5AF176B57D}.Release|Any CPU.Build.0 = Release|Any CPU
	EndGlobalSection
	GlobalSection(SolutionProperties) = preSolution
		HideSolutionNode = FALSE
	EndGlobalSection
	GlobalSection(ExtensibilityGlobals) = postSolution
		SolutionGuid = {4D72A553-A328-4F55-A4AB-59A18DD3D4D1}
	EndGlobalSection
EndGlobal
